
Microsoft Visual Studio Solution File, Format Version 12.00
# Visual Studio Version 17
VisualStudioVersion = 17.7.34221.43
MinimumVisualStudioVersion = 10.0.40219.1
Project("{FAE04EC0-301F-11D3-BF4B-00C04F79EFBC}") = "TakeGrantModel", "TakeGrantModel\TakeGrantModel.csproj", "{DCAA7AAC-136D-4AAA-8C08-05B47697709E}"
EndProject
Global
	GlobalSection(SolutionConfigurationPlatforms) = preSolution
		Debug|Any CPU = Debug|Any CPU
		Release|Any CPU = Release|Any CPU
	EndGlobalSection
	GlobalSection(ProjectConfigurationPlatforms) = postSolution
		{DCAA7AAC-136D-4AAA-8C08-05B47697709E}.Debug|Any CPU.ActiveCfg = Debug|Any CPU
		{DCAA7AAC-136D-4AAA-8C08-05B47697709E}.Debug|Any CPU.Build.0 = Debug|Any CPU
		{DCAA7AAC-136D-4AAA-8C08-05B47697709E}.Release|Any CPU.ActiveCfg = Release|Any CPU
		{DCAA7AAC-136D-4AAA-8C08-05B47697709E}.Release|Any CPU.Build.0 = Release|Any CPU
	EndGlobalSection
	GlobalSection(SolutionProperties) = preSolution
		HideSolutionNode = FALSE
	EndGlobalSection
	GlobalSection(ExtensibilityGlobals) = postSolution
		SolutionGuid = {42EBFABC-0563-490D-8C09-7A3235187954}
	EndGlobalSection
EndGlobal
